{
  "name": "davnode",
  "lockfileVersion": 3,
  "requires": true,
  "packages": {
    "": {
      "name": "davnode",
      "license": "AGPL-3.0-only",
      "workspaces": [
        "packages/*"
      ],
      "devDependencies": {
        "typescript": "^6.0.3"
      },
      "engines": {
        "node": ">=22"
      }
    },
    "node_modules/@davnode/admin-api": {
      "resolved": "packages/admin-api",
      "link": true
    },
    "node_modules/@davnode/core": {
      "resolved": "packages/core",
      "link": true
    },
    "node_modules/@davnode/server": {
      "resolved": "packages/server",
      "link": true
    },
    "node_modules/typescript": {
      "version": "6.0.3",
      "resolved": "https://registry.npmjs.org/typescript/-/typescript-6.0.3.tgz",
      "integrity": "sha512-y2TvuxSZPDyQakkFRPZHKFm+KKVqIisdg9/CZwm9ftvKXLP8NRWj38/ODjNbr43SsoXqNuAisEf1GdCxqWcdBw==",
      "dev": true,
      "license": "Apache-2.0",
      "bin": {
        "tsc": "bin/tsc",
        "tsserver": "bin/tsserver"
      },
      "engines": {
        "node": ">=14.17"
      }
    },
    "packages/admin-api": {
      "name": "@davnode/admin-api",
      "version": "0.0.1",
      "license": "AGPL-3.0-only",
      "dependencies": {
        "@davnode/core": "*"
      }
    },
    "packages/core": {
      "name": "@davnode/core",
      "version": "0.0.1",
      "license": "AGPL-3.0-only"
    },
    "packages/server": {
      "name": "@davnode/server",
      "version": "0.0.1",
      "license": "AGPL-3.0-only",
      "dependencies": {
        "@davnode/core": "*"
      }
    }
  }
}
